
Microsoft Visual Studio Solution File, Format Version 12.00
# Visual Studio Version 17
VisualStudioVersion = 17.9.34616.47
MinimumVisualStudioVersion = 10.0.40219.1
Project("{FAE04EC0-301F-11D3-BF4B-00C04F79EFBC}") = "webapp", "webapp\webapp.csproj", "{DA790023-0288-48E9-8310-82B58BCF1057}"
EndProject
Global
	GlobalSection(SolutionConfigurationPlatforms) = preSolution
		Debug|Any CPU = Debug|Any CPU
		Release|Any CPU = Release|Any CPU
	EndGlobalSection
	GlobalSection(ProjectConfigurationPlatforms) = postSolution
		{DA790023-0288-48E9-8310-82B58BCF1057}.Debug|Any CPU.ActiveCfg = Debug|Any CPU
		{DA790023-0288-48E9-8310-82B58BCF1057}.Debug|Any CPU.Build.0 = Debug|Any CPU
		{DA790023-0288-48E9-8310-82B58BCF1057}.Release|Any CPU.ActiveCfg = Release|Any CPU
		{DA790023-0288-48E9-8310-82B58BCF1057}.Release|Any CPU.Build.0 = Release|Any CPU
	EndGlobalSection
	GlobalSection(SolutionProperties) = preSolution
		HideSolutionNode = FALSE
	EndGlobalSection
	GlobalSection(ExtensibilityGlobals) = postSolution
		SolutionGuid = {47F7B358-9D32-44B5-947E-3B73558A2200}
	EndGlobalSection
EndGlobal
